{
  "name": "a.b.c",
  "version": "1.0.0",
  "lockfileVersion": 2,
  "requires": true,
  "packages": {
    "": {
      "name": "a.b.c",
      "version": "1.0.0",
      "license": "ISC",
      "dependencies": {
        "lz-string": "^1.4.4"
      }
    },
    "node_modules/lz-string": {
      "version": "1.4.4",
      "resolved": "https://registry.npmjs.org/lz-string/-/lz-string-1.4.4.tgz",
      "integrity": "sha512-0ckx7ZHRPqb0oUm8zNr+90mtf9DQB60H1wMCjBtfi62Kl3a7JbHob6gA2bC+xRvZoOL+1hzUK8jeuEIQE8svEQ==",
      "bin": {
        "lz-string": "bin/bin.js"
      }
    }
  },
  "dependencies": {
    "lz-string": {
      "version": "1.4.4",
      "resolved": "https://registry.npmjs.org/lz-string/-/lz-string-1.4.4.tgz",
      "integrity": "sha512-0ckx7ZHRPqb0oUm8zNr+90mtf9DQB60H1wMCjBtfi62Kl3a7JbHob6gA2bC+xRvZoOL+1hzUK8jeuEIQE8svEQ=="
    }
  }
}
